{
  "projects": [
    {
      "projectId": "pcFNE46rGqnuDWuZHtCFTE",
      "version": "latest",
      "dependencies": {},
      "lang": "js",
      "fileLocks": [
        {
          "type": "globalVariant",
          "assetId": "mO_KOD1Jttq_",
          "checksum": "749774c54f97a1c5a240f31898e91ac7"
        },
        {
          "assetId": "pcFNE46rGqnuDWuZHtCFTE",
          "type": "projectCss",
          "checksum": "30f8a498d854c2487757239743e18fca"
        },
        {
          "type": "renderModule",
          "assetId": "CvK8Weuz6UD",
          "checksum": "5e621d31f2a90fdc6f7c41b3be2bf232"
        },
        {
          "type": "cssRules",
          "assetId": "CvK8Weuz6UD",
          "checksum": "5e621d31f2a90fdc6f7c41b3be2bf232"
        },
        {
          "type": "renderModule",
          "assetId": "02lq7nnnvkm",
          "checksum": "acf1ada46106d61186d9153214098279"
        },
        {
          "type": "cssRules",
          "assetId": "02lq7nnnvkm",
          "checksum": "acf1ada46106d61186d9153214098279"
        },
        {
          "type": "renderModule",
          "assetId": "pWNh6TZJnoM1",
          "checksum": "d01e294794b614f99caa755cd6f6f85b"
        },
        {
          "type": "cssRules",
          "assetId": "pWNh6TZJnoM1",
          "checksum": "d01e294794b614f99caa755cd6f6f85b"
        },
        {
          "type": "renderModule",
          "assetId": "Zpz9NnnChRES",
          "checksum": "5564e36303ee00daaf4018a84652cfce"
        },
        {
          "type": "cssRules",
          "assetId": "Zpz9NnnChRES",
          "checksum": "5564e36303ee00daaf4018a84652cfce"
        },
        {
          "type": "renderModule",
          "assetId": "iOcxrsisoG_B",
          "checksum": "45a3ddc135a45c2339d44943ff5a5f59"
        },
        {
          "type": "cssRules",
          "assetId": "iOcxrsisoG_B",
          "checksum": "45a3ddc135a45c2339d44943ff5a5f59"
        },
        {
          "type": "renderModule",
          "assetId": "B4V1IgWtq3Xd",
          "checksum": "ccaa4cbe4773a8c75758bb11a2be4037"
        },
        {
          "type": "cssRules",
          "assetId": "B4V1IgWtq3Xd",
          "checksum": "ccaa4cbe4773a8c75758bb11a2be4037"
        },
        {
          "type": "icon",
          "assetId": "TiU0_2HRXfm9",
          "checksum": "fbb10f72d56960ee58b7006a08a5525d"
        },
        {
          "type": "icon",
          "assetId": "ss7rg0nl6s2W",
          "checksum": "8c970c31e54832137281a2e74cdb8460"
        },
        {
          "type": "icon",
          "assetId": "hmu6daB5eiTB",
          "checksum": "9f64d63d220115d1f52746b2287f5f35"
        },
        {
          "type": "icon",
          "assetId": "JC5u_PRD_j-Y",
          "checksum": "cb2ad81427c6d0a90c9328f299c12aaf"
        },
        {
          "type": "icon",
          "assetId": "QnJQiuLrJJaI",
          "checksum": "8ecdc19b8334ca4782fcd86e416eb9d0"
        },
        {
          "type": "icon",
          "assetId": "LKEoLDMCG-Je",
          "checksum": "6268cfac50eeb602a7ef8ecd231d84dc"
        },
        {
          "type": "icon",
          "assetId": "9G9orG1_p6IZ",
          "checksum": "af9796cf5a0b2ded4ff2a36310d5346b"
        },
        {
          "type": "icon",
          "assetId": "5fPXOujFdoNV",
          "checksum": "b7ede255f6d5e7edc0e99e2a5cfea25f"
        },
        {
          "type": "icon",
          "assetId": "XghSQPwT_Fcp",
          "checksum": "bf1c30fbfbe5129ec2326143a885e910"
        },
        {
          "type": "icon",
          "assetId": "1napMU7J24i9",
          "checksum": "ffaea36da74a6b2f1813f95daeb78b16"
        },
        {
          "type": "image",
          "assetId": "N7SjOCRCkhaN",
          "checksum": "d93b9c1b65bc72e1a77552f2aef439e1"
        },
        {
          "type": "image",
          "assetId": "DdRnBmNvP52F",
          "checksum": "b2b23010788b760527bb9e13694f10f9"
        },
        {
          "type": "image",
          "assetId": "C-57FLzcDkV9",
          "checksum": "a60254a57091090ce87f1e3a8aa503fc"
        },
        {
          "type": "image",
          "assetId": "X7BJu4A4OVEi",
          "checksum": "843d157dc5debe70c3cf80919ff3ba2d"
        },
        {
          "type": "image",
          "assetId": "x07BpArSj3Gf",
          "checksum": "fda4ec28d562c5fca0c16474b2f49b87"
        },
        {
          "type": "image",
          "assetId": "Ah7O4-UJXJV2",
          "checksum": "494c221097c82daef1de0a36141c3086"
        },
        {
          "type": "image",
          "assetId": "2qAOKX9ICvf5",
          "checksum": "d7b497284e620f908a30f22e0f659945"
        },
        {
          "type": "image",
          "assetId": "cKKTL8S7mqnu",
          "checksum": "d11372d2b40702602029218a2e22d408"
        },
        {
          "type": "image",
          "assetId": "LRciiVF0f-5o",
          "checksum": "441b01c308a57c13d078bf73fdc003a6"
        },
        {
          "type": "image",
          "assetId": "Ec2ciAd3-IMd",
          "checksum": "dfe8484b3319736f8d5e4df610aaac92"
        },
        {
          "type": "image",
          "assetId": "HTFliymff6kF",
          "checksum": "c17970fe4eb91a5ac044342c249be01f"
        },
        {
          "type": "image",
          "assetId": "WJvvM9x24VHP",
          "checksum": "b7254aa8f9b528495d2536e2b953075d"
        },
        {
          "type": "image",
          "assetId": "Dye8CbUyAOQm",
          "checksum": "4d0d61ec292d392367d0ffbfc2f0f815"
        },
        {
          "type": "image",
          "assetId": "w2siHmiu8S0k",
          "checksum": "4703e6025e37fb779ecd0bdc60565c89"
        },
        {
          "type": "image",
          "assetId": "XZ5kO8SWDouY",
          "checksum": "d52e3cb10654cbd01105e23e6d113dff"
        },
        {
          "type": "image",
          "assetId": "Q4t4J-7Y1TdV",
          "checksum": "29a39574bb2f18b1d62ea80e29ff2c1f"
        },
        {
          "type": "image",
          "assetId": "RY88ZoXvDhVF",
          "checksum": "664737d784a54b1d343f0fd08654b2e9"
        },
        {
          "type": "image",
          "assetId": "EKaKF7Hsdf9j",
          "checksum": "1b2783b772c7c000a8d97fc942455614"
        },
        {
          "type": "image",
          "assetId": "TnXJqxTTIAAJ",
          "checksum": "f02ab15b4c737bdbbf619afc7f43fead"
        },
        {
          "type": "image",
          "assetId": "Vj3eCtu1cmUw",
          "checksum": "e97b406b3ed988cf63a87a552a404ac0"
        },
        {
          "type": "image",
          "assetId": "HxTONOzNsIsX",
          "checksum": "e76a4ded574fd48aac85c2e504bfaf76"
        },
        {
          "type": "image",
          "assetId": "FL9KYnwIHMsN",
          "checksum": "ca733cd3b6b1807a1dfbcabd6d81e78b"
        },
        {
          "type": "image",
          "assetId": "iZA2sEEhmS92",
          "checksum": "99284a6687113dcc1e5a9af3597eb397"
        },
        {
          "type": "image",
          "assetId": "Q21kpW6gODgA",
          "checksum": "0494f458d2a8c6767f1e7d6ab9bcba4b"
        },
        {
          "type": "image",
          "assetId": "RHzA0ggqX5Na",
          "checksum": "2ecc471bedbbbf4efb5a1e50ee442c05"
        },
        {
          "type": "image",
          "assetId": "wGPxbGO_5DiO",
          "checksum": "11dff7698d1d0d0994292868681bc0b6"
        }
      ],
      "codegenVersion": "0.0.1"
    }
  ],
  "cliVersion": "0.1.304"
}
